
Microsoft Visual Studio Solution File, Format Version 12.00
# Visual Studio 15
VisualStudioVersion = 15.0.28307.168
MinimumVisualStudioVersion = 10.0.40219.1
Project("{8BC9CEB8-8B4A-11D0-8D11-00A0C91BC942}") = "bullCowGame", "bullCowGame\bullCowGame.vcxproj", "{A4820A47-33EF-48A8-9794-5E051978576B}"
EndProject
Global
	GlobalSection(SolutionConfigurationPlatforms) = preSolution
		Debug|x64 = Debug|x64
		Debug|x86 = Debug|x86
		Release|x64 = Release|x64
		Release|x86 = Release|x86
	EndGlobalSection
	GlobalSection(ProjectConfigurationPlatforms) = postSolution
		{A4820A47-33EF-48A8-9794-5E051978576B}.Debug|x64.ActiveCfg = Debug|x64
		{A4820A47-33EF-48A8-9794-5E051978576B}.Debug|x64.Build.0 = Debug|x64
		{A4820A47-33EF-48A8-9794-5E051978576B}.Debug|x86.ActiveCfg = Debug|Win32
		{A4820A47-33EF-48A8-9794-5E051978576B}.Debug|x86.Build.0 = Debug|Win32
		{A4820A47-33EF-48A8-9794-5E051978576B}.Release|x64.ActiveCfg = Release|x64
		{A4820A47-33EF-48A8-9794-5E051978576B}.Release|x64.Build.0 = Release|x64
		{A4820A47-33EF-48A8-9794-5E051978576B}.Release|x86.ActiveCfg = Release|Win32
		{A4820A47-33EF-48A8-9794-5E051978576B}.Release|x86.Build.0 = Release|Win32
	EndGlobalSection
	GlobalSection(SolutionProperties) = preSolution
		HideSolutionNode = FALSE
	EndGlobalSection
	GlobalSection(ExtensibilityGlobals) = postSolution
		SolutionGuid = {691B65F2-1A74-4088-AFB8-C2CE8375C1F2}
	EndGlobalSection
EndGlobal
